
Microsoft Visual Studio Solution File, Format Version 12.00
# Visual Studio 2013
VisualStudioVersion = 12.0.31101.0
MinimumVisualStudioVersion = 10.0.40219.1
Project("{FAE04EC0-301F-11D3-BF4B-00C04F79EFBC}") = "Quiron.LojaVirtual.Dominio", "Quiron.LojaVirtual.Dominio\Quiron.LojaVirtual.Dominio.csproj", "{FC92BA3B-BA54-4D7C-924C-1C2DEDC54A71}"
EndProject
Project("{FAE04EC0-301F-11D3-BF4B-00C04F79EFBC}") = "Quiron.LojaVirtual.Web", "Quiron.LojaVirtual.Web\Quiron.LojaVirtual.Web.csproj", "{AFB4DFBF-70A9-4560-8464-D8AC0CA594BE}"
EndProject
Project("{FAE04EC0-301F-11D3-BF4B-00C04F79EFBC}") = "Quiron.LojaVirtual.UnitTest", "Quiron.LojaVirtual.UnitTest\Quiron.LojaVirtual.UnitTest.csproj", "{7AFF0D58-B686-4F60-994B-9DDF9A9C5F8A}"
EndProject
Global
	GlobalSection(SolutionConfigurationPlatforms) = preSolution
		Debug|Any CPU = Debug|Any CPU
		Release|Any CPU = Release|Any CPU
	EndGlobalSection
	GlobalSection(ProjectConfigurationPlatforms) = postSolution
		{FC92BA3B-BA54-4D7C-924C-1C2DEDC54A71}.Debug|Any CPU.ActiveCfg = Debug|Any CPU
		{FC92BA3B-BA54-4D7C-924C-1C2DEDC54A71}.Debug|Any CPU.Build.0 = Debug|Any CPU
		{FC92BA3B-BA54-4D7C-924C-1C2DEDC54A71}.Release|Any CPU.ActiveCfg = Release|Any CPU
		{FC92BA3B-BA54-4D7C-924C-1C2DEDC54A71}.Release|Any CPU.Build.0 = Release|Any CPU
		{AFB4DFBF-70A9-4560-8464-D8AC0CA594BE}.Debug|Any CPU.ActiveCfg = Debug|Any CPU
		{AFB4DFBF-70A9-4560-8464-D8AC0CA594BE}.Debug|Any CPU.Build.0 = Debug|Any CPU
		{AFB4DFBF-70A9-4560-8464-D8AC0CA594BE}.Release|Any CPU.ActiveCfg = Release|Any CPU
		{AFB4DFBF-70A9-4560-8464-D8AC0CA594BE}.Release|Any CPU.Build.0 = Release|Any CPU
		{7AFF0D58-B686-4F60-994B-9DDF9A9C5F8A}.Debug|Any CPU.ActiveCfg = Debug|Any CPU
		{7AFF0D58-B686-4F60-994B-9DDF9A9C5F8A}.Debug|Any CPU.Build.0 = Debug|Any CPU
		{7AFF0D58-B686-4F60-994B-9DDF9A9C5F8A}.Release|Any CPU.ActiveCfg = Release|Any CPU
		{7AFF0D58-B686-4F60-994B-9DDF9A9C5F8A}.Release|Any CPU.Build.0 = Release|Any CPU
	EndGlobalSection
	GlobalSection(SolutionProperties) = preSolution
		HideSolutionNode = FALSE
	EndGlobalSection
EndGlobal
